
Microsoft Visual Studio Solution File, Format Version 11.00
# Visual Studio 2010
Project("{FAE04EC0-301F-11D3-BF4B-00C04F79EFBC}") = "Tests", "Tests.csproj", "{FA6B1F0C-583F-9A99-80F3-A5A05D77B196}"
EndProject
Project("{FAE04EC0-301F-11D3-BF4B-00C04F79EFBC}") = "NeoCollections", "NeoCollections.csproj", "{FD78CF69-26F6-3DF8-CD72-ABBDA8FD1938}"
EndProject
Global
	GlobalSection(SolutionConfigurationPlatforms) = preSolution
		Debug|Any CPU = Debug|Any CPU
		Release|Any CPU = Release|Any CPU
	EndGlobalSection
	GlobalSection(ProjectConfigurationPlatforms) = postSolution
		{FA6B1F0C-583F-9A99-80F3-A5A05D77B196}.Debug|Any CPU.ActiveCfg = Debug|Any CPU
		{FA6B1F0C-583F-9A99-80F3-A5A05D77B196}.Debug|Any CPU.Build.0 = Debug|Any CPU
		{FA6B1F0C-583F-9A99-80F3-A5A05D77B196}.Release|Any CPU.ActiveCfg = Release|Any CPU
		{FA6B1F0C-583F-9A99-80F3-A5A05D77B196}.Release|Any CPU.Build.0 = Release|Any CPU
		{FD78CF69-26F6-3DF8-CD72-ABBDA8FD1938}.Debug|Any CPU.ActiveCfg = Debug|Any CPU
		{FD78CF69-26F6-3DF8-CD72-ABBDA8FD1938}.Debug|Any CPU.Build.0 = Debug|Any CPU
		{FD78CF69-26F6-3DF8-CD72-ABBDA8FD1938}.Release|Any CPU.ActiveCfg = Release|Any CPU
		{FD78CF69-26F6-3DF8-CD72-ABBDA8FD1938}.Release|Any CPU.Build.0 = Release|Any CPU
	EndGlobalSection
	GlobalSection(SolutionProperties) = preSolution
		HideSolutionNode = FALSE
	EndGlobalSection
EndGlobal
