
Microsoft Visual Studio Solution File, Format Version 12.00
# Visual Studio 2013
VisualStudioVersion = 12.0.30501.0
MinimumVisualStudioVersion = 10.0.40219.1
Project("{FAE04EC0-301F-11D3-BF4B-00C04F79EFBC}") = "NeoCollections.CSharp.Editor", "NeoCollections.CSharp.Editor.csproj", "{A037FA73-BF9F-55D5-C1BE-548050AD3544}"
EndProject
Project("{FAE04EC0-301F-11D3-BF4B-00C04F79EFBC}") = "NeoCollections.CSharp", "NeoCollections.CSharp.csproj", "{42D6A4AC-F333-F324-7747-709D69ED5C2E}"
EndProject
Global
	GlobalSection(SolutionConfigurationPlatforms) = preSolution
		Debug|Any CPU = Debug|Any CPU
		Release|Any CPU = Release|Any CPU
	EndGlobalSection
	GlobalSection(ProjectConfigurationPlatforms) = postSolution
		{A037FA73-BF9F-55D5-C1BE-548050AD3544}.Debug|Any CPU.ActiveCfg = Debug|Any CPU
		{A037FA73-BF9F-55D5-C1BE-548050AD3544}.Debug|Any CPU.Build.0 = Debug|Any CPU
		{A037FA73-BF9F-55D5-C1BE-548050AD3544}.Release|Any CPU.ActiveCfg = Release|Any CPU
		{A037FA73-BF9F-55D5-C1BE-548050AD3544}.Release|Any CPU.Build.0 = Release|Any CPU
		{42D6A4AC-F333-F324-7747-709D69ED5C2E}.Debug|Any CPU.ActiveCfg = Debug|Any CPU
		{42D6A4AC-F333-F324-7747-709D69ED5C2E}.Debug|Any CPU.Build.0 = Debug|Any CPU
		{42D6A4AC-F333-F324-7747-709D69ED5C2E}.Release|Any CPU.ActiveCfg = Release|Any CPU
		{42D6A4AC-F333-F324-7747-709D69ED5C2E}.Release|Any CPU.Build.0 = Release|Any CPU
	EndGlobalSection
	GlobalSection(SolutionProperties) = preSolution
		HideSolutionNode = FALSE
	EndGlobalSection
EndGlobal
